<Project xmlns="http://schemas.microsoft.com/developer/msbuild/2003">
    <PropertyGroup>
        <ProjectGuid>{E623E46C-4784-4B12-8B38-0DA2CC10C1E5}</ProjectGuid>
        <ProjectVersion>20.3</ProjectVersion>
        <FrameworkType>VCL</FrameworkType>
        <Base>True</Base>
        <Config Condition="'$(Config)'==''">Debug</Config>
        <Platform Condition="'$(Platform)'==''">Win64</Platform>
        <TargetedPlatforms>3</TargetedPlatforms>
        <AppType>Console</AppType>
        <MainSource>RPFood_VCL.dpr</MainSource>
        <ProjectName Condition="'$(ProjectName)'==''">RPFood_VCL</ProjectName>
    </PropertyGroup>
    <PropertyGroup Condition="'$(Config)'=='Base' or '$(Base)'!=''">
        <Base>true</Base>
    </PropertyGroup>
    <PropertyGroup Condition="('$(Platform)'=='Win32' and '$(Base)'=='true') or '$(Base_Win32)'!=''">
        <Base_Win32>true</Base_Win32>
        <CfgParent>Base</CfgParent>
        <Base>true</Base>
    </PropertyGroup>
    <PropertyGroup Condition="('$(Platform)'=='Win64' and '$(Base)'=='true') or '$(Base_Win64)'!=''">
        <Base_Win64>true</Base_Win64>
        <CfgParent>Base</CfgParent>
        <Base>true</Base>
    </PropertyGroup>
    <PropertyGroup Condition="'$(Config)'=='Debug' or '$(Cfg_1)'!=''">
        <Cfg_1>true</Cfg_1>
        <CfgParent>Base</CfgParent>
        <Base>true</Base>
    </PropertyGroup>
    <PropertyGroup Condition="('$(Platform)'=='Win32' and '$(Cfg_1)'=='true') or '$(Cfg_1_Win32)'!=''">
        <Cfg_1_Win32>true</Cfg_1_Win32>
        <CfgParent>Cfg_1</CfgParent>
        <Cfg_1>true</Cfg_1>
        <Base>true</Base>
    </PropertyGroup>
    <PropertyGroup Condition="('$(Platform)'=='Win64' and '$(Cfg_1)'=='true') or '$(Cfg_1_Win64)'!=''">
        <Cfg_1_Win64>true</Cfg_1_Win64>
        <CfgParent>Cfg_1</CfgParent>
        <Cfg_1>true</Cfg_1>
        <Base>true</Base>
    </PropertyGroup>
    <PropertyGroup Condition="'$(Config)'=='Release' or '$(Cfg_2)'!=''">
        <Cfg_2>true</Cfg_2>
        <CfgParent>Base</CfgParent>
        <Base>true</Base>
    </PropertyGroup>
    <PropertyGroup Condition="('$(Platform)'=='Win32' and '$(Cfg_2)'=='true') or '$(Cfg_2_Win32)'!=''">
        <Cfg_2_Win32>true</Cfg_2_Win32>
        <CfgParent>Cfg_2</CfgParent>
        <Cfg_2>true</Cfg_2>
        <Base>true</Base>
    </PropertyGroup>
    <PropertyGroup Condition="('$(Platform)'=='Win64' and '$(Cfg_2)'=='true') or '$(Cfg_2_Win64)'!=''">
        <Cfg_2_Win64>true</Cfg_2_Win64>
        <CfgParent>Cfg_2</CfgParent>
        <Cfg_2>true</Cfg_2>
        <Base>true</Base>
    </PropertyGroup>
    <PropertyGroup Condition="'$(Base)'!=''">
        <DCC_DcuOutput>.\$(Platform)\$(Config)</DCC_DcuOutput>
        <DCC_ExeOutput>.\Bin</DCC_ExeOutput>
        <DCC_E>false</DCC_E>
        <DCC_N>false</DCC_N>
        <DCC_S>false</DCC_S>
        <DCC_F>false</DCC_F>
        <DCC_K>false</DCC_K>
        <DCC_Namespace>System;Xml;Data;Datasnap;Web;Soap;Vcl;Vcl.Imaging;Vcl.Touch;Vcl.Samples;Vcl.Shell;$(DCC_Namespace)</DCC_Namespace>
        <Icon_MainIcon>$(BDS)\bin\delphi_PROJECTICON.ico</Icon_MainIcon>
        <Icns_MainIcns>$(BDS)\bin\delphi_PROJECTICNS.icns</Icns_MainIcns>
        <SanitizedProjectName>RPFood_VCL</SanitizedProjectName>
        <VerInfo_Locale>1046</VerInfo_Locale>
        <VerInfo_Keys>CompanyName=;FileDescription=$(MSBuildProjectName);FileVersion=1.0.0.0;InternalName=;LegalCopyright=;LegalTrademarks=;OriginalFilename=;ProgramID=com.embarcadero.$(MSBuildProjectName);ProductName=$(MSBuildProjectName);ProductVersion=1.0.0.0;Comments=</VerInfo_Keys>
        <DCC_UnitSearchPath>..\modules\.dcp;..\modules\.dcu;..\modules;..\modules\acbr\Fontes\ACBrBoleto;..\modules\acbr\Fontes\ACBrBoleto\FC\Fast;..\modules\acbr\Fontes\ACBrBoleto\FC\Fortes;..\modules\acbr\Fontes\ACBrBoleto\FC\Laz;..\modules\acbr\Fontes\ACBrBoleto\WS;..\modules\acbr\Fontes\ACBrComum;..\modules\acbr\Fontes\ACBrDFe\ACBrANe;..\modules\acbr\Fontes\ACBrDFe\ACBrANe\PCNANe;..\modules\acbr\Fontes\ACBrDFe\ACBrBPe;..\modules\acbr\Fontes\ACBrDFe\ACBrBPe\DABPE;..\modules\acbr\Fontes\ACBrDFe\ACBrBPe\DABPE\EscPos;..\modules\acbr\Fontes\ACBrDFe\ACBrBPe\DABPE\Fast;..\modules\acbr\Fontes\ACBrDFe\ACBrBPe\PCNBPe;..\modules\acbr\Fontes\ACBrDFe\ACBrBlocoX;..\modules\acbr\Fontes\ACBrDFe\ACBrBlocoX\PCNBlocoX;..\modules\acbr\Fontes\ACBrDFe\ACBrCIOT;..\modules\acbr\Fontes\ACBrDFe\ACBrCIOT\PCNCIOT;..\modules\acbr\Fontes\ACBrDFe\ACBrCTe;..\modules\acbr\Fontes\ACBrDFe\ACBrCTe\DACTE;..\modules\acbr\Fontes\ACBrDFe\ACBrCTe\DACTE\Fast;..\modules\acbr\Fontes\ACBrDFe\ACBrCTe\DACTE\Fortes;..\modules\acbr\Fontes\ACBrDFe\ACBrCTe\PCNCTe;..\modules\acbr\Fontes\ACBrDFe\ACBrDCe;..\modules\acbr\Fontes\ACBrDFe\ACBrDCe\Base;..\modules\acbr\Fontes\ACBrDFe\ACBrDCe\Base\Servicos;..\modules\acbr\Fontes\ACBrDFe\ACBrDCe\DACE;..\modules\acbr\Fontes\ACBrDFe;..\modules\acbr\Fontes\ACBrDFe\ACBrDI;..\modules\acbr\Fontes\ACBrDFe\ACBrDI\PCNDI;..\modules\acbr\Fontes\ACBrDFe\ACBrGNRE;..\modules\acbr\Fontes\ACBrDFe\ACBrGNRE\GNRE;..\modules\acbr\Fontes\ACBrDFe\ACBrGNRE\GNRE\Fast;..\modules\acbr\Fontes\ACBrDFe\ACBrGNRE\GNRE\Fortes;..\modules\acbr\Fontes\ACBrDFe\ACBrGNRE\GNRE\Laz;..\modules\acbr\Fontes\ACBrDFe\ACBrGNRE\PCNGNRE;..\modules\acbr\Fontes\ACBrDFe\ACBrGTIN;..\modules\acbr\Fontes\ACBrDFe\ACBrGTIN\Base;..\modules\acbr\Fontes\ACBrDFe\ACBrGTIN\Base\Servicos;..\modules\acbr\Fontes\ACBrDFe\ACBrMDFe;..\modules\acbr\Fontes\ACBrDFe\ACBrMDFe\DAMDFE;..\modules\acbr\Fontes\ACBrDFe\ACBrMDFe\DAMDFE\Fast;..\modules\acbr\Fontes\ACBrDFe\ACBrMDFe\DAMDFE\Fortes;..\modules\acbr\Fontes\ACBrDFe\ACBrMDFe\PCNMDFe;..\modules\acbr\Fontes\ACBrDFe\ACBrNF3e;..\modules\acbr\Fontes\ACBrDFe\ACBrNF3e\Base;..\modules\acbr\Fontes\ACBrDFe\ACBrNF3e\Base\Servicos;..\modules\acbr\Fontes\ACBrDFe\ACBrNF3e\DANF3e;..\modules\acbr\Fontes\ACBrDFe\ACBrNF3e\DANF3e\EscPos;..\modules\acbr\Fontes\ACBrDFe\ACBrNFSe;..\modules\acbr\Fontes\ACBrDFe\ACBrNFSe\DANFSE;..\modules\acbr\Fontes\ACBrDFe\ACBrNFSe\DANFSE\Fast;..\modules\acbr\Fontes\ACBrDFe\ACBrNFSe\DANFSE\Fortes;..\modules\acbr\Fontes\ACBrDFe\ACBrNFSe\PCNNFSe;..\modules\acbr\Fontes\ACBrDFe\ACBrNFSe\Provedores;..\modules\acbr\Fontes\ACBrDFe\ACBrNFSeX;..\modules\acbr\Fontes\ACBrDFe\ACBrNFSeX\Base;..\modules\acbr\Fontes\ACBrDFe\ACBrNFSeX\Base\Provedores;..\modules\acbr\Fontes\ACBrDFe\ACBrNFSeX\Base\WebServices;..\modules\acbr\Fontes\ACBrDFe\ACBrNFSeX\DANFSE;..\modules\acbr\Fontes\ACBrDFe\ACBrNFSeX\DANFSE\Fast;..\modules\acbr\Fontes\ACBrDFe\ACBrNFSeX\DANFSE\Fortes;..\modules\acbr\Fontes\ACBrDFe\ACBrNFSeX\Modelos;..\modules\acbr\Fontes\ACBrDFe\ACBrNFSeX\Provedores;..\modules\acbr\Fontes\ACBrDFe\ACBrNFe\ACBrECFVirtualNFCe;..\modules\acbr\Fontes\ACBrDFe\ACBrNFe;..\modules\acbr\Fontes\ACBrDFe\ACBrNFe\DANFE;..\modules\acbr\Fontes\ACBrDFe\ACBrNFe\DANFE\NFCe\EscPos;..\modules\acbr\Fontes\ACBrDFe\ACBrNFe\DANFE\NFCe\Fortes;..\modules\acbr\Fontes\ACBrDFe\ACBrNFe\DANFE\NFe\Fast;..\modules\acbr\Fontes\ACBrDFe\ACBrNFe\DANFE\NFe\Fortes;..\modules\acbr\Fontes\ACBrDFe\ACBrNFe\DANFE\NFe\LazReport;..\modules\acbr\Fontes\ACBrDFe\ACBrNFe\PCNNFe;..\modules\acbr\Fontes\ACBrDFe\ACBrONE;..\modules\acbr\Fontes\ACBrDFe\ACBrONE\PCNONE;..\modules\acbr\Fontes\ACBrDFe\ACBrPAFNFCe;..\modules\acbr\Fontes\ACBrDFe\ACBrReinf;..\modules\acbr\Fontes\ACBrDFe\ACBrReinf\PCNReinf;..\modules\acbr\Fontes\ACBrDFe\ACBrSATWS;..\modules\acbr\Fontes\ACBrDFe\ACBrSATWS\PCNSATWS;..\modules\acbr\Fontes\ACBrDFe\ACBreSocial;..\modules\acbr\Fontes\ACBrDFe\ACBreSocial\PCNeSocial;..\modules\acbr\Fontes\ACBrDiversos;..\modules\acbr\Fontes\ACBrIntegrador;..\modules\acbr\Fontes\ACBrIntegrador\pcnVFPe;..\modules\acbr\Fontes\ACBrOpenDelivery;..\modules\acbr\Fontes\ACBrOpenSSL;..\modules\acbr\Fontes\ACBrPIXCD;..\modules\acbr\Fontes\ACBrPagFor;..\modules\acbr\Fontes\ACBrPagFor\Bancos;..\modules\acbr\Fontes\ACBrPagFor\Base;..\modules\acbr\Fontes\ACBrPagFor\Base\Provider;..\modules\acbr\Fontes\ACBrPagFor\Modelos;..\modules\acbr\Fontes\ACBrPicPay;..\modules\acbr\Fontes\ACBrSAT\ACBrECFVirtualSAT;..\modules\acbr\Fontes\ACBrSAT;..\modules\acbr\Fontes\ACBrSAT\Extrato;..\modules\acbr\Fontes\ACBrSAT\Extrato\EscPos;..\modules\acbr\Fontes\ACBrSAT\Extrato\Fast;..\modules\acbr\Fontes\ACBrSAT\Extrato\Fortes;..\modules\acbr\Fontes\ACBrSAT\PCNSAT;..\modules\acbr\Fontes\ACBrSerial;..\modules\acbr\Fontes\ACBrTCP;..\modules\acbr\Fontes\ACBrTEFD;..\modules\acbr\Fontes\ACBrTXT\ACBrADRCST;..\modules\acbr\Fontes\ACBrTXT\ACBrConvenio115;..\modules\acbr\Fontes\ACBrTXT\ACBrDeSTDA;..\modules\acbr\Fontes\ACBrTXT\ACBrEDI;..\modules\acbr\Fontes\ACBrTXT\ACBrLCDPR;..\modules\acbr\Fontes\ACBrTXT\ACBrLFD;..\modules\acbr\Fontes\ACBrTXT\ACBrOFX;..\modules\acbr\Fontes\ACBrTXT\ACBrPAF;..\modules\acbr\Fontes\ACBrTXT\ACBrPonto;..\modules\acbr\Fontes\ACBrTXT\ACBrSEF2;..\modules\acbr\Fontes\ACBrTXT\ACBrSPED\ACBrSPEDContabil;..\modules\acbr\Fontes\ACBrTXT\ACBrSPED\ACBrSPEDECF;..\modules\acbr\Fontes\ACBrTXT\ACBrSPED\ACBrSPEDFiscal;..\modules\acbr\Fontes\ACBrTXT\ACBrSPED\ACBrSPEDFiscalImportar;..\modules\acbr\Fontes\ACBrTXT\ACBrSPED\ACBrSPEDPisCofins;..\modules\acbr\Fontes\ACBrTXT\ACBrSPED\ACBrSPEDPisCofinsImportar;..\modules\acbr\Fontes\ACBrTXT\ACBrSPED;..\modules\acbr\Fontes\ACBrTXT\ACBrSintegra;..\modules\acbr\Fontes\ACBrTXT;..\modules\acbr\Fontes\ACBrTXT\SintegraSultan;..\modules\acbr\Fontes\PCNComum;..\modules\acbr\Fontes\Terceiros\AJBarcode;..\modules\acbr\Fontes\Terceiros\CodeGear;..\modules\acbr\Fontes\Terceiros\DelphiZXingQRCode;..\modules\acbr\Fontes\Terceiros\Elgin;..\modules\acbr\Fontes\Terceiros\FastStringReplace;..\modules\acbr\Fontes\Terceiros\GZIPUtils;..\modules\acbr\Fontes\Terceiros\Gertec;..\modules\acbr\Fontes\Terceiros\JediWin32API;..\modules\acbr\Fontes\Terceiros\JsonDataObjects\Source;..\modules\acbr\Fontes\Terceiros\JsonDataObjects\UnitTest;..\modules\acbr\Fontes\Terceiros\LibXmlSec;..\modules\acbr\Fontes\Terceiros\Ole;..\modules\acbr\Fontes\Terceiros\TGif;..\modules\acbr\Fontes\Terceiros\TecToy;..\modules\acbr\Fontes\Terceiros\ZLibExGZ;..\modules\acbr\Fontes\Terceiros\json4delphi\src;..\modules\acbr\Fontes\Terceiros\synalist;..\modules\adrconnection\Source;..\modules\gbjson\Source;..\modules\holdon4d\Sample\Intraweb;..\modules\holdon4d\Source;..\modules\igrowl4delphi\Sample\Intraweb;..\modules\igrowl4delphi\Source;..\modules\sweetalert4delphi\Sample\Intraweb;..\modules\sweetalert4delphi\Source;..\modules\m4d\units\classes;..\modules\m4d\units\interfaces;modules\.dcp;modules\.dcu;modules;modules\acbr\Fontes\ACBrBoleto;modules\acbr\Fontes\ACBrBoleto\FC\Fast;modules\acbr\Fontes\ACBrBoleto\FC\Fortes;modules\acbr\Fontes\ACBrBoleto\FC\Laz;modules\acbr\Fontes\ACBrBoleto\WS;modules\acbr\Fontes\ACBrComum;modules\acbr\Fontes\ACBrDFe\ACBrANe;modules\acbr\Fontes\ACBrDFe\ACBrANe\PCNANe;modules\acbr\Fontes\ACBrDFe\ACBrBPe;modules\acbr\Fontes\ACBrDFe\ACBrBPe\DABPE;modules\acbr\Fontes\ACBrDFe\ACBrBPe\DABPE\EscPos;modules\acbr\Fontes\ACBrDFe\ACBrBPe\DABPE\Fast;modules\acbr\Fontes\ACBrDFe\ACBrBPe\PCNBPe;modules\acbr\Fontes\ACBrDFe\ACBrBlocoX;modules\acbr\Fontes\ACBrDFe\ACBrBlocoX\PCNBlocoX;modules\acbr\Fontes\ACBrDFe\ACBrCIOT;modules\acbr\Fontes\ACBrDFe\ACBrCIOT\PCNCIOT;modules\acbr\Fontes\ACBrDFe\ACBrCTe;modules\acbr\Fontes\ACBrDFe\ACBrCTe\DACTE;modules\acbr\Fontes\ACBrDFe\ACBrCTe\DACTE\Fast;modules\acbr\Fontes\ACBrDFe\ACBrCTe\DACTE\Fortes;modules\acbr\Fontes\ACBrDFe\ACBrCTe\PCNCTe;modules\acbr\Fontes\ACBrDFe\ACBrDCe;modules\acbr\Fontes\ACBrDFe\ACBrDCe\Base;modules\acbr\Fontes\ACBrDFe\ACBrDCe\Base\Servicos;modules\acbr\Fontes\ACBrDFe\ACBrDCe\DACE;modules\acbr\Fontes\ACBrDFe;modules\acbr\Fontes\ACBrDFe\ACBrDI;modules\acbr\Fontes\ACBrDFe\ACBrDI\PCNDI;modules\acbr\Fontes\ACBrDFe\ACBrGNRE;modules\acbr\Fontes\ACBrDFe\ACBrGNRE\GNRE;modules\acbr\Fontes\ACBrDFe\ACBrGNRE\GNRE\Fast;modules\acbr\Fontes\ACBrDFe\ACBrGNRE\GNRE\Fortes;modules\acbr\Fontes\ACBrDFe\ACBrGNRE\GNRE\Laz;modules\acbr\Fontes\ACBrDFe\ACBrGNRE\PCNGNRE;modules\acbr\Fontes\ACBrDFe\ACBrGTIN;modules\acbr\Fontes\ACBrDFe\ACBrGTIN\Base;modules\acbr\Fontes\ACBrDFe\ACBrGTIN\Base\Servicos;modules\acbr\Fontes\ACBrDFe\ACBrMDFe;modules\acbr\Fontes\ACBrDFe\ACBrMDFe\DAMDFE;modules\acbr\Fontes\ACBrDFe\ACBrMDFe\DAMDFE\Fast;modules\acbr\Fontes\ACBrDFe\ACBrMDFe\DAMDFE\Fortes;modules\acbr\Fontes\ACBrDFe\ACBrMDFe\PCNMDFe;modules\acbr\Fontes\ACBrDFe\ACBrNF3e;modules\acbr\Fontes\ACBrDFe\ACBrNF3e\Base;modules\acbr\Fontes\ACBrDFe\ACBrNF3e\Base\Servicos;modules\acbr\Fontes\ACBrDFe\ACBrNF3e\DANF3e;modules\acbr\Fontes\ACBrDFe\ACBrNF3e\DANF3e\EscPos;modules\acbr\Fontes\ACBrDFe\ACBrNFSe;modules\acbr\Fontes\ACBrDFe\ACBrNFSe\DANFSE;modules\acbr\Fontes\ACBrDFe\ACBrNFSe\DANFSE\Fast;modules\acbr\Fontes\ACBrDFe\ACBrNFSe\DANFSE\Fortes;modules\acbr\Fontes\ACBrDFe\ACBrNFSe\PCNNFSe;modules\acbr\Fontes\ACBrDFe\ACBrNFSe\Provedores;modules\acbr\Fontes\ACBrDFe\ACBrNFSeX;modules\acbr\Fontes\ACBrDFe\ACBrNFSeX\Base;modules\acbr\Fontes\ACBrDFe\ACBrNFSeX\Base\Provedores;modules\acbr\Fontes\ACBrDFe\ACBrNFSeX\Base\WebServices;modules\acbr\Fontes\ACBrDFe\ACBrNFSeX\DANFSE;modules\acbr\Fontes\ACBrDFe\ACBrNFSeX\DANFSE\Fast;modules\acbr\Fontes\ACBrDFe\ACBrNFSeX\DANFSE\Fortes;modules\acbr\Fontes\ACBrDFe\ACBrNFSeX\Modelos;modules\acbr\Fontes\ACBrDFe\ACBrNFSeX\Provedores;modules\acbr\Fontes\ACBrDFe\ACBrNFe\ACBrECFVirtualNFCe;modules\acbr\Fontes\ACBrDFe\ACBrNFe;modules\acbr\Fontes\ACBrDFe\ACBrNFe\DANFE;modules\acbr\Fontes\ACBrDFe\ACBrNFe\DANFE\NFCe\EscPos;modules\acbr\Fontes\ACBrDFe\ACBrNFe\DANFE\NFCe\Fortes;modules\acbr\Fontes\ACBrDFe\ACBrNFe\DANFE\NFe\Fast;modules\acbr\Fontes\ACBrDFe\ACBrNFe\DANFE\NFe\Fortes;modules\acbr\Fontes\ACBrDFe\ACBrNFe\DANFE\NFe\LazReport;modules\acbr\Fontes\ACBrDFe\ACBrNFe\PCNNFe;modules\acbr\Fontes\ACBrDFe\ACBrONE;modules\acbr\Fontes\ACBrDFe\ACBrONE\PCNONE;modules\acbr\Fontes\ACBrDFe\ACBrPAFNFCe;modules\acbr\Fontes\ACBrDFe\ACBrReinf;modules\acbr\Fontes\ACBrDFe\ACBrReinf\PCNReinf;modules\acbr\Fontes\ACBrDFe\ACBrSATWS;modules\acbr\Fontes\ACBrDFe\ACBrSATWS\PCNSATWS;modules\acbr\Fontes\ACBrDFe\ACBreSocial;modules\acbr\Fontes\ACBrDFe\ACBreSocial\PCNeSocial;modules\acbr\Fontes\ACBrDiversos;modules\acbr\Fontes\ACBrIntegrador;modules\acbr\Fontes\ACBrIntegrador\pcnVFPe;modules\acbr\Fontes\ACBrOpenDelivery;modules\acbr\Fontes\ACBrOpenSSL;modules\acbr\Fontes\ACBrPIXCD;modules\acbr\Fontes\ACBrPagFor;modules\acbr\Fontes\ACBrPagFor\Bancos;modules\acbr\Fontes\ACBrPagFor\Base;modules\acbr\Fontes\ACBrPagFor\Base\Provider;modules\acbr\Fontes\ACBrPagFor\Modelos;modules\acbr\Fontes\ACBrPicPay;modules\acbr\Fontes\ACBrSAT\ACBrECFVirtualSAT;modules\acbr\Fontes\ACBrSAT;modules\acbr\Fontes\ACBrSAT\Extrato;modules\acbr\Fontes\ACBrSAT\Extrato\EscPos;modules\acbr\Fontes\ACBrSAT\Extrato\Fast;modules\acbr\Fontes\ACBrSAT\Extrato\Fortes;modules\acbr\Fontes\ACBrSAT\PCNSAT;modules\acbr\Fontes\ACBrSerial;modules\acbr\Fontes\ACBrTCP;modules\acbr\Fontes\ACBrTEFD;modules\acbr\Fontes\ACBrTXT\ACBrADRCST;modules\acbr\Fontes\ACBrTXT\ACBrConvenio115;modules\acbr\Fontes\ACBrTXT\ACBrDeSTDA;modules\acbr\Fontes\ACBrTXT\ACBrEDI;modules\acbr\Fontes\ACBrTXT\ACBrLCDPR;modules\acbr\Fontes\ACBrTXT\ACBrLFD;modules\acbr\Fontes\ACBrTXT\ACBrOFX;modules\acbr\Fontes\ACBrTXT\ACBrPAF;modules\acbr\Fontes\ACBrTXT\ACBrPonto;modules\acbr\Fontes\ACBrTXT\ACBrSEF2;modules\acbr\Fontes\ACBrTXT\ACBrSPED\ACBrSPEDContabil;modules\acbr\Fontes\ACBrTXT\ACBrSPED\ACBrSPEDECF;modules\acbr\Fontes\ACBrTXT\ACBrSPED\ACBrSPEDFiscal;modules\acbr\Fontes\ACBrTXT\ACBrSPED\ACBrSPEDFiscalImportar;modules\acbr\Fontes\ACBrTXT\ACBrSPED\ACBrSPEDPisCofins;modules\acbr\Fontes\ACBrTXT\ACBrSPED\ACBrSPEDPisCofinsImportar;modules\acbr\Fontes\ACBrTXT\ACBrSPED;modules\acbr\Fontes\ACBrTXT\ACBrSintegra;modules\acbr\Fontes\ACBrTXT;modules\acbr\Fontes\ACBrTXT\SintegraSultan;modules\acbr\Fontes\PCNComum;modules\acbr\Fontes\Terceiros\AJBarcode;modules\acbr\Fontes\Terceiros\CodeGear;modules\acbr\Fontes\Terceiros\DelphiZXingQRCode;modules\acbr\Fontes\Terceiros\Elgin;modules\acbr\Fontes\Terceiros\FastStringReplace;modules\acbr\Fontes\Terceiros\GZIPUtils;modules\acbr\Fontes\Terceiros\Gertec;modules\acbr\Fontes\Terceiros\JediWin32API;modules\acbr\Fontes\Terceiros\JsonDataObjects\Source;modules\acbr\Fontes\Terceiros\JsonDataObjects\UnitTest;modules\acbr\Fontes\Terceiros\LibXmlSec;modules\acbr\Fontes\Terceiros\Ole;modules\acbr\Fontes\Terceiros\TGif;modules\acbr\Fontes\Terceiros\TecToy;modules\acbr\Fontes\Terceiros\ZLibExGZ;modules\acbr\Fontes\Terceiros\json4delphi\src;modules\acbr\Fontes\Terceiros\synalist;modules\adrconnection\Source;modules\gbjson\Source;modules\holdon4d\Sample\Intraweb;modules\holdon4d\Source;modules\igrowl4delphi\Sample\Intraweb;modules\igrowl4delphi\Source;modules\m4d\units\classes;modules\m4d\units\interfaces;modules\sweetalert4delphi\Sample\Intraweb;modules\sweetalert4delphi\Source;$(DCC_UnitSearchPath)</DCC_UnitSearchPath>
        <DCC_DUPLICATE_CTOR_DTOR>false</DCC_DUPLICATE_CTOR_DTOR>
        <DCC_Define>ADRCONN_PGDAC;$(DCC_Define)</DCC_Define>
    </PropertyGroup>
    <PropertyGroup Condition="'$(Base_Win32)'!=''">
        <DCC_UsePackage>DBXSqliteDriver;RESTComponents;fmxase;DBXDb2Driver;DBXInterBaseDriver;vclactnband;vclFireDAC;bindcompvclsmp;emsclientfiredac;tethering;svnui;DataSnapFireDAC;FireDACADSDriver;DBXMSSQLDriver;DatasnapConnectorsFreePascal;FireDACMSSQLDriver;vcltouch;vcldb;bindcompfmx;svn;DBXOracleDriver;inetdb;emsedge;fmx;FireDACIBDriver;fmxdae;vcledge;FireDACDBXDriver;dbexpress;IndyCore;vclx;dsnap;emsclient;DataSnapCommon;FireDACCommon;RESTBackendComponents;DataSnapConnectors;VCLRESTComponents;soapserver;vclie;bindengine;DBXMySQLDriver;CloudService;FireDACOracleDriver;FireDACMySQLDriver;DBXFirebirdDriver;FireDACCommonODBC;FireDACCommonDriver;DataSnapClient;inet;IndyIPCommon;bindcompdbx;vcl;IndyIPServer;DBXSybaseASEDriver;IndySystem;FireDACDb2Driver;bindcompvclwinx;dsnapcon;FireDACMSAccDriver;fmxFireDAC;FireDACInfxDriver;vclimg;FireDAC;emshosting;FireDACSqliteDriver;FireDACPgDriver;FireDACASADriver;DBXOdbcDriver;FireDACTDataDriver;Intraweb_14_D10_4;soaprtl;DbxCommonDriver;DataSnapServer;xmlrtl;soapmidas;DataSnapNativeClient;fmxobj;vclwinx;FireDACDSDriver;rtl;emsserverresource;DbxClientDriver;DBXSybaseASADriver;CustomIPTransport;vcldsnap;bindcomp;appanalytics;DBXInformixDriver;IndyIPClient;bindcompvcl;dbxcds;VclSmp;adortl;FireDACODBCDriver;DataSnapIndy10ServerTransport;dsnapxml;DataSnapProviderClient;dbrtl;IndyProtocols;inetdbxpress;FireDACMongoDBDriver;DataSnapServerMidas;$(DCC_UsePackage)</DCC_UsePackage>
        <DCC_Namespace>Winapi;System.Win;Data.Win;Datasnap.Win;Web.Win;Soap.Win;Xml.Win;Bde;$(DCC_Namespace)</DCC_Namespace>
        <BT_BuildType>Debug</BT_BuildType>
        <Manifest_File>(None)</Manifest_File>
        <VerInfo_Locale>1033</VerInfo_Locale>
        <AppDPIAwarenessMode>none</AppDPIAwarenessMode>
    </PropertyGroup>
    <PropertyGroup Condition="'$(Base_Win64)'!=''">
        <DCC_UsePackage>DBXSqliteDriver;RESTComponents;fmxase;DBXDb2Driver;DBXInterBaseDriver;vclactnband;vclFireDAC;bindcompvclsmp;emsclientfiredac;tethering;DataSnapFireDAC;FireDACADSDriver;DBXMSSQLDriver;DatasnapConnectorsFreePascal;FireDACMSSQLDriver;vcltouch;vcldb;bindcompfmx;DBXOracleDriver;inetdb;emsedge;fmx;FireDACIBDriver;fmxdae;vcledge;FireDACDBXDriver;dbexpress;IndyCore;vclx;dsnap;emsclient;DataSnapCommon;FireDACCommon;RESTBackendComponents;DataSnapConnectors;VCLRESTComponents;soapserver;vclie;bindengine;DBXMySQLDriver;CloudService;FireDACOracleDriver;FireDACMySQLDriver;DBXFirebirdDriver;FireDACCommonODBC;FireDACCommonDriver;DataSnapClient;inet;IndyIPCommon;bindcompdbx;vcl;IndyIPServer;DBXSybaseASEDriver;IndySystem;FireDACDb2Driver;bindcompvclwinx;dsnapcon;FireDACMSAccDriver;fmxFireDAC;FireDACInfxDriver;vclimg;FireDAC;emshosting;FireDACSqliteDriver;FireDACPgDriver;FireDACASADriver;DBXOdbcDriver;FireDACTDataDriver;soaprtl;DbxCommonDriver;DataSnapServer;xmlrtl;soapmidas;DataSnapNativeClient;fmxobj;vclwinx;FireDACDSDriver;rtl;emsserverresource;DbxClientDriver;DBXSybaseASADriver;CustomIPTransport;vcldsnap;bindcomp;appanalytics;DBXInformixDriver;IndyIPClient;bindcompvcl;dbxcds;VclSmp;adortl;FireDACODBCDriver;DataSnapIndy10ServerTransport;dsnapxml;DataSnapProviderClient;dbrtl;IndyProtocols;inetdbxpress;FireDACMongoDBDriver;DataSnapServerMidas;$(DCC_UsePackage)</DCC_UsePackage>
        <DCC_Namespace>Winapi;System.Win;Data.Win;Datasnap.Win;Web.Win;Soap.Win;Xml.Win;$(DCC_Namespace)</DCC_Namespace>
        <BT_BuildType>Debug</BT_BuildType>
        <VerInfo_Locale>1033</VerInfo_Locale>
    </PropertyGroup>
    <PropertyGroup Condition="'$(Cfg_1)'!=''">
        <DCC_Define>DEBUG;$(DCC_Define)</DCC_Define>
        <DCC_DebugDCUs>true</DCC_DebugDCUs>
        <DCC_Optimize>false</DCC_Optimize>
        <DCC_GenerateStackFrames>true</DCC_GenerateStackFrames>
        <DCC_DebugInfoInExe>true</DCC_DebugInfoInExe>
        <DCC_RemoteDebug>true</DCC_RemoteDebug>
    </PropertyGroup>
    <PropertyGroup Condition="'$(Cfg_1_Win32)'!=''">
        <DCC_RemoteDebug>false</DCC_RemoteDebug>
        <VerInfo_Locale>1033</VerInfo_Locale>
    </PropertyGroup>
    <PropertyGroup Condition="'$(Cfg_1_Win64)'!=''">
        <VerInfo_Locale>1033</VerInfo_Locale>
        <Manifest_File>(None)</Manifest_File>
        <AppDPIAwarenessMode>none</AppDPIAwarenessMode>
    </PropertyGroup>
    <PropertyGroup Condition="'$(Cfg_2)'!=''">
        <DCC_LocalDebugSymbols>false</DCC_LocalDebugSymbols>
        <DCC_Define>RELEASE;$(DCC_Define)</DCC_Define>
        <DCC_SymbolReferenceInfo>0</DCC_SymbolReferenceInfo>
        <DCC_DebugInformation>0</DCC_DebugInformation>
    </PropertyGroup>
    <PropertyGroup Condition="'$(Cfg_2_Win32)'!=''">
        <VerInfo_Locale>1033</VerInfo_Locale>
    </PropertyGroup>
    <PropertyGroup Condition="'$(Cfg_2_Win64)'!=''">
        <VerInfo_Locale>1033</VerInfo_Locale>
        <Manifest_File>(None)</Manifest_File>
        <AppDPIAwarenessMode>none</AppDPIAwarenessMode>
        <DCC_DebugInformation>2</DCC_DebugInformation>
        <DCC_LocalDebugSymbols>true</DCC_LocalDebugSymbols>
        <DCC_IncludeDCUsInUsesCompletion>false</DCC_IncludeDCUsInUsesCompletion>
        <DCC_DebugInfoInExe>true</DCC_DebugInfoInExe>
    </PropertyGroup>
    <ItemGroup>
        <DelphiCompile Include="$(MainSource)">
            <MainSource>MainSource</MainSource>
        </DelphiCompile>
        <DCCReference Include="Infra\ServerController.pas">
            <Form>IWServerController</Form>
            <DesignClass>TIWServerControllerBase</DesignClass>
        </DCCReference>
        <DCCReference Include="Infra\UserSessionUnit.pas">
            <Form>IWUserSession</Form>
            <DesignClass>TIWUserSessionBase</DesignClass>
        </DCCReference>
        <DCCReference Include="Source\View\RPFood.View.ADMIN.Login.pas">
            <Form>FrmADMINLogin</Form>
            <DesignClass>TIWAppForm</DesignClass>
        </DCCReference>
        <DCCReference Include="Source\Controller\RPFood.Controller.pas"/>
        <DCCReference Include="Source\Model\Entity\RPFood.Entity.Cliente.pas"/>
        <DCCReference Include="Source\Model\Entity\RPFood.Entity.Classes.pas"/>
        <DCCReference Include="Source\Model\DAO\RPFood.DAO.Base.pas"/>
        <DCCReference Include="Source\Model\DAO\RPFood.DAO.Cliente.pas"/>
        <DCCReference Include="Source\Model\DAO\RPFood.DAO.Factory.pas"/>
        <DCCReference Include="Source\Model\Entity\RPFood.Entity.Categoria.pas"/>
        <DCCReference Include="Source\Model\Entity\RPFood.Entity.Produto.pas"/>
        <DCCReference Include="Source\Model\DAO\RPFood.DAO.Categoria.pas"/>
        <DCCReference Include="Source\Model\DAO\RPFood.DAO.Produto.pas"/>
        <DCCReference Include="Source\View\RPFood.View.ADMIN.Padrao.pas">
            <Form>FrmADMINPadrao</Form>
            <DesignClass>TIWAppForm</DesignClass>
        </DCCReference>
        <DCCReference Include="Source\View\RPFood.View.Index.pas">
            <Form>FrmIndex</Form>
            <DesignClass>TIWAppForm</DesignClass>
        </DCCReference>
        <DCCReference Include="Source\Model\Entity\RPFood.Entity.Venda.pas"/>
        <DCCReference Include="Source\Model\Entity\RPFood.Entity.Opcional.pas"/>
        <DCCReference Include="Source\Model\DAO\RPFood.DAO.ProdutoOpcional.pas"/>
        <DCCReference Include="Source\Model\Entity\RPFood.Entity.ProdutoOpcional.pas"/>
        <DCCReference Include="Source\Model\DAO\RPFood.DAO.Opcional.pas"/>
        <DCCReference Include="Source\View\RPFood.View.EsqueciMinhaSenha.pas">
            <Form>FrmEsqueciMinhaSenha</Form>
            <DesignClass>TIWAppForm</DesignClass>
        </DCCReference>
        <DCCReference Include="Source\Model\Utils\RPFood.Utils.pas"/>
        <DCCReference Include="Source\Model\Components\RPFood.Components.pas"/>
        <DCCReference Include="Source\Model\Service\EsqueciMinhaSenha\RPFood.Service.EsqueciMinhaSenha.pas"/>
        <DCCReference Include="Source\Model\Service\RPFood.Service.pas"/>
        <DCCReference Include="Infra\RPFood.Resources.pas"/>
        <DCCReference Include="Source\Model\Entity\RPFood.Entity.FormaPagamento.pas"/>
        <DCCReference Include="Source\Model\DAO\RPFood.DAO.FormaPagamento.pas"/>
        <DCCReference Include="Source\Model\DAO\RPFood.DAO.Venda.pas"/>
        <DCCReference Include="Source\Model\Service\Venda\Pedido\RPFood.Service.Venda.pas"/>
        <DCCReference Include="Source\Model\DAO\RPFood.DAO.VendaItem.pas"/>
        <DCCReference Include="Source\Model\DAO\RPFood.DAO.VendaItemOpcional.pas"/>
        <DCCReference Include="Source\Model\DAO\RPFood.DAO.Conexao.pas"/>
        <DCCReference Include="Source\Model\Entity\RPFood.Entity.Pedido.pas"/>
        <DCCReference Include="Source\View\RPFood.View.PedidoDetalheItem.pas">
            <Form>FrmPedidoDetalheItem</Form>
            <DesignClass>TIWAppForm</DesignClass>
        </DCCReference>
        <DCCReference Include="Source\View\RPFood.View.Rotas.pas"/>
        <DCCReference Include="Source\View\RPFood.View.VendaHistorico.pas">
            <Form>FrmVendaHistorico</Form>
            <DesignClass>TIWAppForm</DesignClass>
        </DCCReference>
        <DCCReference Include="Source\View\RPFood.View.ProdutosPorCategoria.pas">
            <Form>FrmProdutosPorCategoria</Form>
            <DesignClass>TIWAppForm</DesignClass>
        </DCCReference>
        <DCCReference Include="Source\View\RPFood.View.Pedido.Sessao.pas"/>
        <DCCReference Include="Source\Model\Entity\RPFood.Entity.Endereco.pas"/>
        <DCCReference Include="Source\Model\DAO\RPFood.DAO.Endereco.pas"/>
        <DCCReference Include="Source\View\RPFood.View.Pedido.Finalizar.pas">
            <Form>FrmPedidoFinalizar</Form>
            <DesignClass>TIWAppForm</DesignClass>
        </DCCReference>
        <DCCReference Include="Source\Model\Components\JSON\RPFood.Components.JSON.pas"/>
        <DCCReference Include="Source\View\RPFood.View.Erro404.pas">
            <Form>FrmErro404</Form>
            <DesignClass>TIWAppForm</DesignClass>
        </DCCReference>
        <DCCReference Include="Source\View\RPFood.View.Erro500.pas">
            <Form>IWException</Form>
            <DesignClass>TIWAppForm</DesignClass>
        </DCCReference>
        <DCCReference Include="Source\View\RPFood.View.ClienteEndereco.pas">
            <Form>FrmClienteEndereco</Form>
            <DesignClass>TIWAppForm</DesignClass>
        </DCCReference>
        <DCCReference Include="Source\Model\Entity\RPFood.Entity.Types.pas"/>
        <DCCReference Include="Source\Model\Entity\RPFood.Entity.Empresa.pas"/>
        <DCCReference Include="Source\Model\DAO\RPFood.DAO.Empresa.pas"/>
        <DCCReference Include="Source\Model\Service\Cliente\RPFood.Service.Cliente.pas"/>
        <DCCReference Include="Source\Model\DAO\RPFood.DAO.ClienteEndereco.pas"/>
        <DCCReference Include="Source\Model\Entity\RPFood.Entity.VendaEndereco.pas"/>
        <DCCReference Include="Source\Model\Entity\RPFood.Entity.VendaStatusLog.pas"/>
        <DCCReference Include="Source\Model\DAO\RPFood.DAO.VendaStatusLog.pas"/>
        <DCCReference Include="Source\Model\DAO\RPFood.DAO.VendaEndereco.pas"/>
        <DCCReference Include="Source\View\RPFood.View.ClienteDados.pas">
            <Form>FrmClienteMeusDados</Form>
            <DesignClass>TIWAppForm</DesignClass>
        </DCCReference>
        <DCCReference Include="Infra\UserSessionUnitCliente.pas"/>
        <DCCReference Include="Source\Model\Entity\RPFood.Entity.ADMIN.Usuario.pas"/>
        <DCCReference Include="Source\Model\DAO\RPFood.DAO.ADMIN.Usuario.pas"/>
        <DCCReference Include="Infra\UserSessionUnitADMIN.pas"/>
        <DCCReference Include="Source\View\RPFood.View.Login.pas">
            <Form>FrmLogin</Form>
            <DesignClass>TIWAppForm</DesignClass>
        </DCCReference>
        <DCCReference Include="Source\View\RPFood.View.Padrao.pas">
            <Form>FrmPadrao</Form>
            <DesignClass>TIWAppForm</DesignClass>
        </DCCReference>
        <DCCReference Include="Source\View\RPFood.View.ADMIN.Index.pas">
            <Form>FrmADMINIndex</Form>
            <DesignClass>TIWAppForm</DesignClass>
        </DCCReference>
        <DCCReference Include="Source\View\RPFood.View.ADMIN.Index2.pas">
            <Form>FrmADMINIndex2</Form>
            <DesignClass>TIWAppForm</DesignClass>
        </DCCReference>
        <DCCReference Include="Source\Model\DAO\RPFood.DAO.RelatorioVendas.pas"/>
        <DCCReference Include="Source\Model\Entity\RPFood.Entity.RelatorioVendas.pas"/>
        <DCCReference Include="Source\View\RPFood.View.VendaHistoricoAdm.pas">
            <Form>FrmVendaHistoricoAdm</Form>
            <DesignClass>TIWAppForm</DesignClass>
        </DCCReference>
        <DCCReference Include="Source\View\RPFood.View.Pedido.Acompanhamento.pas">
            <Form>FrmPedidoAcompanhamento</Form>
            <DesignClass>TIWAppForm</DesignClass>
        </DCCReference>
        <DCCReference Include="Source\Model\Service\Venda\Pedido\RPFood.Service.Venda.ItemFracao.pas"/>
        <DCCReference Include="Source\Model\Entity\RPFood.Entity.ConfiguracaoAtendimento.pas"/>
        <DCCReference Include="Source\Model\DAO\RPFood.DAO.ConfiguracaoFuncionamento.pas"/>
        <DCCReference Include="Source\Model\Entity\RPFood.Entity.TransferenciaImagens.pas"/>
        <DCCReference Include="Source\Model\DAO\RPFood.DAO.TransferenciaImagens.pas"/>
        <DCCReference Include="Source\Model\Service\Imagem\RPFood.Service.Imagem.Categoria.pas"/>
        <DCCReference Include="Source\Model\Service\Imagem\RPFood.Service.Imagem.pas"/>
        <DCCReference Include="Source\Model\Service\Imagem\RPFood.Service.Imagem.Produto.pas"/>
        <DCCReference Include="Source\View\RPFood.View.ClienteCadastro.pas">
            <Form>FrmClienteCadastro</Form>
            <DesignClass>TIWAppForm</DesignClass>
        </DCCReference>
        <DCCReference Include="Source\View\RPFood.View.ProdutosTodasCategoria.pas">
            <Form>FrmProdutostodascategoria</Form>
            <DesignClass>TIWAppForm</DesignClass>
        </DCCReference>
        <DCCReference Include="Source\Model\Service\Venda\Copia\RPFood.Service.Venda.Copia.pas"/>
        <DCCReference Include="Source\Model\Service\Login\RPFood.Service.Login.Cliente.pas"/>
        <DCCReference Include="Source\View\RPFood.View.Sobre.pas">
            <Form>FrmSobre</Form>
            <DesignClass>TIWAppForm</DesignClass>
        </DCCReference>
        <DCCReference Include="Source\Model\Entity\RPFood.Entity.ConfiguracaoRPFood.pas"/>
        <DCCReference Include="Source\Model\DAO\RPFood.DAO.ConfiguracaoRPFood.pas"/>
        <DCCReference Include="Source\Model\Service\Imagem\RPFood.Service.Imagem.Opcional.pas"/>
        <DCCReference Include="Source\Model\Entity\RPFood.Entity.Bairro.pas"/>
        <DCCReference Include="Source\Model\DAO\RPFood.DAO.Bairro.pas"/>
        <DCCReference Include="Source\Model\Entity\RPFood.Entity.Happy_Hour.pas"/>
        <DCCReference Include="Source\Model\DAO\RPFood.DAO.Happy_Hour.pas"/>
        <DCCReference Include="Source\Model\DAO\RPFood.DAO.Promocao.pas"/>
        <DCCReference Include="Source\Model\Entity\RPFood.Entity.RestricaoVenda.pas"/>
        <DCCReference Include="Source\Model\DAO\RPFood.DAO.RestricaoVenda.pas"/>
        <DCCReference Include="Source\View\RPFood.View.NovoEndereco.pas">
            <Form>FrmNovoEndereco</Form>
            <DesignClass>TIWAppForm</DesignClass>
        </DCCReference>
        <DCCReference Include="Source\View\RPFood.View.BuscarEndereco.pas">
            <Form>FrmBuscarEndereco</Form>
            <DesignClass>TIWAppForm</DesignClass>
        </DCCReference>
        <DCCReference Include="Source\Model\Entity\RPFood.Entity.Configuracao.PagamentoMercadoPago.pas"/>
        <DCCReference Include="Source\Model\DAO\RPFood.DAO.Configuracao.PagamentoMercadoPago.pas"/>
        <DCCReference Include="Migrations\RPFood.Migrations.Init.pas"/>
        <DCCReference Include="Migrations\RPFood.Migrations.M0000001.EmpresaCriarTabela.pas"/>
        <DCCReference Include="Source\View\RPFood.View.Pedido.Pagamento.pas">
            <Form>FrmPedidoPagamentoOnline</Form>
            <FormType>dfm</FormType>
            <DesignClass>TIWAppForm</DesignClass>
        </DCCReference>
        <DCCReference Include="Source\Model\Service\Pagamento\RPFood.Service.Pagamento.pas"/>
        <DCCReference Include="Migrations\RPFood.Migrations.M0000002.AddFormaPagamentoOnline.pas"/>
        <DCCReference Include="Migrations\RPFood.Migrations.M0000003.PagamentoOnline.pas"/>
        <DCCReference Include="Source\Model\Entity\RPFood.Entity.PagamentoOnline.pas"/>
        <DCCReference Include="Source\Model\DAO\RPFood.DAO.PagamentoOnline.pas"/>
        <BuildConfiguration Include="Base">
            <Key>Base</Key>
        </BuildConfiguration>
        <BuildConfiguration Include="Debug">
            <Key>Cfg_1</Key>
            <CfgParent>Base</CfgParent>
        </BuildConfiguration>
        <BuildConfiguration Include="Release">
            <Key>Cfg_2</Key>
            <CfgParent>Base</CfgParent>
        </BuildConfiguration>
    </ItemGroup>
    <ProjectExtensions>
        <Borland.Personality>Delphi.Personality.12</Borland.Personality>
        <Borland.ProjectType>Application</Borland.ProjectType>
        <BorlandProject>
            <Delphi.Personality>
                <Source>
                    <Source Name="MainSource">RPFood_VCL.dpr</Source>
                </Source>
                <Excluded_Packages>
                    <Excluded_Packages Name="$(BDSBIN)\dcloffice2k290.bpl">Microsoft Office 2000 Sample Automation Server Wrapper Components</Excluded_Packages>
                    <Excluded_Packages Name="$(BDSBIN)\dclofficexp290.bpl">Microsoft Office XP Sample Automation Server Wrapper Components</Excluded_Packages>
                </Excluded_Packages>
            </Delphi.Personality>
            <Deployment Version="5">
                <DeployFile LocalName="Bin\RPFood.exe" Configuration="Debug" Class="ProjectOutput"/>
                <DeployFile LocalName="Bin\RPFood_VCL.exe" Configuration="Debug" Class="ProjectOutput"/>
                <DeployFile LocalName="Bin\RPFood_VCL.exe" Configuration="Debug" Class="ProjectOutput">
                    <Platform Name="Win64">
                        <RemoteName>RPFood_VCL.exe</RemoteName>
                        <Overwrite>true</Overwrite>
                    </Platform>
                </DeployFile>
                <DeployFile LocalName="Bin\RPFood_VCL.exe" Configuration="Release" Class="ProjectOutput"/>
                <DeployFile LocalName="Bin\RPFood_VCL.rsm" Configuration="Debug" Class="DebugSymbols"/>
                <DeployFile LocalName="Bin\RPFood_VCL.rsm" Configuration="Debug" Class="DebugSymbols">
                    <Platform Name="Win64">
                        <RemoteName>RPFood_VCL.rsm</RemoteName>
                        <Overwrite>true</Overwrite>
                    </Platform>
                </DeployFile>
                <DeployClass Name="AdditionalDebugSymbols">
                    <Platform Name="iOSSimulator">
                        <Operation>1</Operation>
                    </Platform>
                    <Platform Name="OSX32">
                        <RemoteDir>Contents\MacOS</RemoteDir>
                        <Operation>1</Operation>
                    </Platform>
                    <Platform Name="Win32">
                        <Operation>0</Operation>
                    </Platform>
                </DeployClass>
                <DeployClass Name="AndroidFileProvider">
                    <Platform Name="Android">
                        <RemoteDir>res\xml</RemoteDir>
                        <Operation>1</Operation>
                    </Platform>
                    <Platform Name="Android64">
                        <RemoteDir>res\xml</RemoteDir>
                        <Operation>1</Operation>
                    </Platform>
                </DeployClass>
                <DeployClass Name="AndroidLibnativeArmeabiFile">
                    <Platform Name="Android">
                        <RemoteDir>library\lib\armeabi</RemoteDir>
                        <Operation>1</Operation>
                    </Platform>
                    <Platform Name="Android64">
                        <RemoteDir>library\lib\armeabi</RemoteDir>
                        <Operation>1</Operation>
                    </Platform>
                </DeployClass>
                <DeployClass Name="AndroidLibnativeArmeabiv7aFile">
                    <Platform Name="Android64">
                        <RemoteDir>library\lib\armeabi-v7a</RemoteDir>
                        <Operation>1</Operation>
                    </Platform>
                </DeployClass>
                <DeployClass Name="AndroidLibnativeMipsFile">
                    <Platform Name="Android">
                        <RemoteDir>library\lib\mips</RemoteDir>
                        <Operation>1</Operation>
                    </Platform>
                    <Platform Name="Android64">
                        <RemoteDir>library\lib\mips</RemoteDir>
                        <Operation>1</Operation>
                    </Platform>
                </DeployClass>
                <DeployClass Name="AndroidServiceOutput">
                    <Platform Name="Android">
                        <RemoteDir>library\lib\armeabi-v7a</RemoteDir>
                        <Operation>1</Operation>
                    </Platform>
                    <Platform Name="Android64">
                        <RemoteDir>library\lib\arm64-v8a</RemoteDir>
                        <Operation>1</Operation>
                    </Platform>
                </DeployClass>
                <DeployClass Name="AndroidServiceOutput_Android32">
                    <Platform Name="Android64">
                        <RemoteDir>library\lib\armeabi-v7a</RemoteDir>
                        <Operation>1</Operation>
                    </Platform>
                </DeployClass>
                <DeployClass Name="AndroidSplashImageDef">
                    <Platform Name="Android">
                        <RemoteDir>res\drawable</RemoteDir>
                        <Operation>1</Operation>
                    </Platform>
                    <Platform Name="Android64">
                        <RemoteDir>res\drawable</RemoteDir>
                        <Operation>1</Operation>
                    </Platform>
                </DeployClass>
                <DeployClass Name="AndroidSplashImageDefV21">
                    <Platform Name="Android">
                        <RemoteDir>res\drawable-anydpi-v21</RemoteDir>
                        <Operation>1</Operation>
                    </Platform>
                    <Platform Name="Android64">
                        <RemoteDir>res\drawable-anydpi-v21</RemoteDir>
                        <Operation>1</Operation>
                    </Platform>
                </DeployClass>
                <DeployClass Name="AndroidSplashStyles">
                    <Platform Name="Android">
                        <RemoteDir>res\values</RemoteDir>
                        <Operation>1</Operation>
                    </Platform>
                    <Platform Name="Android64">
                        <RemoteDir>res\values</RemoteDir>
                        <Operation>1</Operation>
                    </Platform>
                </DeployClass>
                <DeployClass Name="AndroidSplashStylesV21">
                    <Platform Name="Android">
                        <RemoteDir>res\values-v21</RemoteDir>
                        <Operation>1</Operation>
                    </Platform>
                    <Platform Name="Android64">
                        <RemoteDir>res\values-v21</RemoteDir>
                        <Operation>1</Operation>
                    </Platform>
                </DeployClass>
                <DeployClass Name="AndroidSplashStylesV31">
                    <Platform Name="Android">
                        <RemoteDir>res\values-v31</RemoteDir>
                        <Operation>1</Operation>
                    </Platform>
                    <Platform Name="Android64">
                        <RemoteDir>res\values-v31</RemoteDir>
                        <Operation>1</Operation>
                    </Platform>
                </DeployClass>
                <DeployClass Name="AndroidSplashStylesV35">
                    <Platform Name="Android">
                        <RemoteDir>res\values-v35</RemoteDir>
                        <Operation>1</Operation>
                    </Platform>
                    <Platform Name="Android64">
                        <RemoteDir>res\values-v35</RemoteDir>
                        <Operation>1</Operation>
                    </Platform>
                </DeployClass>
                <DeployClass Name="Android_AdaptiveIcon">
                    <Platform Name="Android">
                        <RemoteDir>res\drawable-anydpi-v26</RemoteDir>
                        <Operation>1</Operation>
                    </Platform>
                    <Platform Name="Android64">
                        <RemoteDir>res\drawable-anydpi-v26</RemoteDir>
                        <Operation>1</Operation>
                    </Platform>
                </DeployClass>
                <DeployClass Name="Android_AdaptiveIconBackground">
                    <Platform Name="Android">
                        <RemoteDir>res\drawable</RemoteDir>
                        <Operation>1</Operation>
                    </Platform>
                    <Platform Name="Android64">
                        <RemoteDir>res\drawable</RemoteDir>
                        <Operation>1</Operation>
                    </Platform>
                </DeployClass>
                <DeployClass Name="Android_AdaptiveIconForeground">
                    <Platform Name="Android">
                        <RemoteDir>res\drawable</RemoteDir>
                        <Operation>1</Operation>
                    </Platform>
                    <Platform Name="Android64">
                        <RemoteDir>res\drawable</RemoteDir>
                        <Operation>1</Operation>
                    </Platform>
                </DeployClass>
                <DeployClass Name="Android_AdaptiveIconMonochrome">
                    <Platform Name="Android">
                        <RemoteDir>res\drawable</RemoteDir>
                        <Operation>1</Operation>
                    </Platform>
                    <Platform Name="Android64">
                        <RemoteDir>res\drawable</RemoteDir>
                        <Operation>1</Operation>
                    </Platform>
                </DeployClass>
                <DeployClass Name="Android_AdaptiveIconV33">
                    <Platform Name="Android">
                        <RemoteDir>res\drawable-anydpi-v33</RemoteDir>
                        <Operation>1</Operation>
                    </Platform>
                    <Platform Name="Android64">
                        <RemoteDir>res\drawable-anydpi-v33</RemoteDir>
                        <Operation>1</Operation>
                    </Platform>
                </DeployClass>
                <DeployClass Name="Android_Colors">
                    <Platform Name="Android">
                        <RemoteDir>res\values</RemoteDir>
                        <Operation>1</Operation>
                    </Platform>
                    <Platform Name="Android64">
                        <RemoteDir>res\values</RemoteDir>
                        <Operation>1</Operation>
                    </Platform>
                </DeployClass>
                <DeployClass Name="Android_ColorsDark">
                    <Platform Name="Android">
                        <RemoteDir>res\values-night-v21</RemoteDir>
                        <Operation>1</Operation>
                    </Platform>
                    <Platform Name="Android64">
                        <RemoteDir>res\values-night-v21</RemoteDir>
                        <Operation>1</Operation>
                    </Platform>
                </DeployClass>
                <DeployClass Name="Android_DefaultAppIcon">
                    <Platform Name="Android">
                        <RemoteDir>res\drawable</RemoteDir>
                        <Operation>1</Operation>
                    </Platform>
                    <Platform Name="Android64">
                        <RemoteDir>res\drawable</RemoteDir>
                        <Operation>1</Operation>
                    </Platform>
                </DeployClass>
                <DeployClass Name="Android_LauncherIcon144">
                    <Platform Name="Android">
                        <RemoteDir>res\drawable-xxhdpi</RemoteDir>
                        <Operation>1</Operation>
                    </Platform>
                    <Platform Name="Android64">
                        <RemoteDir>res\drawable-xxhdpi</RemoteDir>
                        <Operation>1</Operation>
                    </Platform>
                </DeployClass>
                <DeployClass Name="Android_LauncherIcon192">
                    <Platform Name="Android">
                        <RemoteDir>res\drawable-xxxhdpi</RemoteDir>
                        <Operation>1</Operation>
                    </Platform>
                    <Platform Name="Android64">
                        <RemoteDir>res\drawable-xxxhdpi</RemoteDir>
                        <Operation>1</Operation>
                    </Platform>
                </DeployClass>
                <DeployClass Name="Android_LauncherIcon36">
                    <Platform Name="Android">
                        <RemoteDir>res\drawable-ldpi</RemoteDir>
                        <Operation>1</Operation>
                    </Platform>
                    <Platform Name="Android64">
                        <RemoteDir>res\drawable-ldpi</RemoteDir>
                        <Operation>1</Operation>
                    </Platform>
                </DeployClass>
                <DeployClass Name="Android_LauncherIcon48">
                    <Platform Name="Android">
                        <RemoteDir>res\drawable-mdpi</RemoteDir>
                        <Operation>1</Operation>
                    </Platform>
                    <Platform Name="Android64">
                        <RemoteDir>res\drawable-mdpi</RemoteDir>
                        <Operation>1</Operation>
                    </Platform>
                </DeployClass>
                <DeployClass Name="Android_LauncherIcon72">
                    <Platform Name="Android">
                        <RemoteDir>res\drawable-hdpi</RemoteDir>
                        <Operation>1</Operation>
                    </Platform>
                    <Platform Name="Android64">
                        <RemoteDir>res\drawable-hdpi</RemoteDir>
                        <Operation>1</Operation>
                    </Platform>
                </DeployClass>
                <DeployClass Name="Android_LauncherIcon96">
                    <Platform Name="Android">
                        <RemoteDir>res\drawable-xhdpi</RemoteDir>
                        <Operation>1</Operation>
                    </Platform>
                    <Platform Name="Android64">
                        <RemoteDir>res\drawable-xhdpi</RemoteDir>
                        <Operation>1</Operation>
                    </Platform>
                </DeployClass>
                <DeployClass Name="Android_NotificationIcon24">
                    <Platform Name="Android">
                        <RemoteDir>res\drawable-mdpi</RemoteDir>
                        <Operation>1</Operation>
                    </Platform>
                    <Platform Name="Android64">
                        <RemoteDir>res\drawable-mdpi</RemoteDir>
                        <Operation>1</Operation>
                    </Platform>
                </DeployClass>
                <DeployClass Name="Android_NotificationIcon36">
                    <Platform Name="Android">
                        <RemoteDir>res\drawable-hdpi</RemoteDir>
                        <Operation>1</Operation>
                    </Platform>
                    <Platform Name="Android64">
                        <RemoteDir>res\drawable-hdpi</RemoteDir>
                        <Operation>1</Operation>
                    </Platform>
                </DeployClass>
                <DeployClass Name="Android_NotificationIcon48">
                    <Platform Name="Android">
                        <RemoteDir>res\drawable-xhdpi</RemoteDir>
                        <Operation>1</Operation>
                    </Platform>
                    <Platform Name="Android64">
                        <RemoteDir>res\drawable-xhdpi</RemoteDir>
                        <Operation>1</Operation>
                    </Platform>
                </DeployClass>
                <DeployClass Name="Android_NotificationIcon72">
                    <Platform Name="Android">
                        <RemoteDir>res\drawable-xxhdpi</RemoteDir>
                        <Operation>1</Operation>
                    </Platform>
                    <Platform Name="Android64">
                        <RemoteDir>res\drawable-xxhdpi</RemoteDir>
                        <Operation>1</Operation>
                    </Platform>
                </DeployClass>
                <DeployClass Name="Android_NotificationIcon96">
                    <Platform Name="Android">
                        <RemoteDir>res\drawable-xxxhdpi</RemoteDir>
                        <Operation>1</Operation>
                    </Platform>
                    <Platform Name="Android64">
                        <RemoteDir>res\drawable-xxxhdpi</RemoteDir>
                        <Operation>1</Operation>
                    </Platform>
                </DeployClass>
                <DeployClass Name="Android_SplashImage426">
                    <Platform Name="Android">
                        <RemoteDir>res\drawable-small</RemoteDir>
                        <Operation>1</Operation>
                    </Platform>
                    <Platform Name="Android64">
                        <RemoteDir>res\drawable-small</RemoteDir>
                        <Operation>1</Operation>
                    </Platform>
                </DeployClass>
                <DeployClass Name="Android_SplashImage470">
                    <Platform Name="Android">
                        <RemoteDir>res\drawable-normal</RemoteDir>
                        <Operation>1</Operation>
                    </Platform>
                    <Platform Name="Android64">
                        <RemoteDir>res\drawable-normal</RemoteDir>
                        <Operation>1</Operation>
                    </Platform>
                </DeployClass>
                <DeployClass Name="Android_SplashImage640">
                    <Platform Name="Android">
                        <RemoteDir>res\drawable-large</RemoteDir>
                        <Operation>1</Operation>
                    </Platform>
                    <Platform Name="Android64">
                        <RemoteDir>res\drawable-large</RemoteDir>
                        <Operation>1</Operation>
                    </Platform>
                </DeployClass>
                <DeployClass Name="Android_SplashImage960">
                    <Platform Name="Android">
                        <RemoteDir>res\drawable-xlarge</RemoteDir>
                        <Operation>1</Operation>
                    </Platform>
                    <Platform Name="Android64">
                        <RemoteDir>res\drawable-xlarge</RemoteDir>
                        <Operation>1</Operation>
                    </Platform>
                </DeployClass>
                <DeployClass Name="Android_Strings">
                    <Platform Name="Android">
                        <RemoteDir>res\values</RemoteDir>
                        <Operation>1</Operation>
                    </Platform>
                    <Platform Name="Android64">
                        <RemoteDir>res\values</RemoteDir>
                        <Operation>1</Operation>
                    </Platform>
                </DeployClass>
                <DeployClass Name="Android_VectorizedNotificationIcon">
                    <Platform Name="Android">
                        <RemoteDir>res\drawable-anydpi-v24</RemoteDir>
                        <Operation>1</Operation>
                    </Platform>
                    <Platform Name="Android64">
                        <RemoteDir>res\drawable-anydpi-v24</RemoteDir>
                        <Operation>1</Operation>
                    </Platform>
                </DeployClass>
                <DeployClass Name="Android_VectorizedSplash">
                    <Platform Name="Android">
                        <RemoteDir>res\drawable</RemoteDir>
                        <Operation>1</Operation>
                    </Platform>
                    <Platform Name="Android64">
                        <RemoteDir>res\drawable</RemoteDir>
                        <Operation>1</Operation>
                    </Platform>
                </DeployClass>
                <DeployClass Name="Android_VectorizedSplashDark">
                    <Platform Name="Android">
                        <RemoteDir>res\drawable-night-anydpi-v21</RemoteDir>
                        <Operation>1</Operation>
                    </Platform>
                    <Platform Name="Android64">
                        <RemoteDir>res\drawable-night-anydpi-v21</RemoteDir>
                        <Operation>1</Operation>
                    </Platform>
                </DeployClass>
                <DeployClass Name="Android_VectorizedSplashV31">
                    <Platform Name="Android">
                        <RemoteDir>res\drawable-anydpi-v31</RemoteDir>
                        <Operation>1</Operation>
                    </Platform>
                    <Platform Name="Android64">
                        <RemoteDir>res\drawable-anydpi-v31</RemoteDir>
                        <Operation>1</Operation>
                    </Platform>
                </DeployClass>
                <DeployClass Name="Android_VectorizedSplashV31Dark">
                    <Platform Name="Android">
                        <RemoteDir>res\drawable-night-anydpi-v31</RemoteDir>
                        <Operation>1</Operation>
                    </Platform>
                    <Platform Name="Android64">
                        <RemoteDir>res\drawable-night-anydpi-v31</RemoteDir>
                        <Operation>1</Operation>
                    </Platform>
                </DeployClass>
                <DeployClass Name="DebugSymbols">
                    <Platform Name="iOSSimulator">
                        <Operation>1</Operation>
                    </Platform>
                    <Platform Name="OSX32">
                        <RemoteDir>Contents\MacOS</RemoteDir>
                        <Operation>1</Operation>
                    </Platform>
                    <Platform Name="Win32">
                        <Operation>0</Operation>
                    </Platform>
                </DeployClass>
                <DeployClass Name="DependencyFramework">
                    <Platform Name="OSX32">
                        <RemoteDir>Contents\MacOS</RemoteDir>
                        <Operation>1</Operation>
                        <Extensions>.framework</Extensions>
                    </Platform>
                    <Platform Name="OSX64">
                        <RemoteDir>Contents\MacOS</RemoteDir>
                        <Operation>1</Operation>
                        <Extensions>.framework</Extensions>
                    </Platform>
                    <Platform Name="OSXARM64">
                        <RemoteDir>Contents\MacOS</RemoteDir>
                        <Operation>1</Operation>
                        <Extensions>.framework</Extensions>
                    </Platform>
                    <Platform Name="Win32">
                        <Operation>0</Operation>
                    </Platform>
                </DeployClass>
                <DeployClass Name="DependencyModule">
                    <Platform Name="iOSDevice32">
                        <Operation>1</Operation>
                        <Extensions>.dylib</Extensions>
                    </Platform>
                    <Platform Name="iOSDevice64">
                        <Operation>1</Operation>
                        <Extensions>.dylib</Extensions>
                    </Platform>
                    <Platform Name="iOSSimARM64">
                        <Operation>1</Operation>
                        <Extensions>.dylib</Extensions>
                    </Platform>
                    <Platform Name="OSX32">
                        <RemoteDir>Contents\MacOS</RemoteDir>
                        <Operation>1</Operation>
                        <Extensions>.dylib</Extensions>
                    </Platform>
                    <Platform Name="OSX64">
                        <RemoteDir>Contents\MacOS</RemoteDir>
                        <Operation>1</Operation>
                        <Extensions>.dylib</Extensions>
                    </Platform>
                    <Platform Name="OSXARM64">
                        <RemoteDir>Contents\MacOS</RemoteDir>
                        <Operation>1</Operation>
                        <Extensions>.dylib</Extensions>
                    </Platform>
                    <Platform Name="Win32">
                        <Operation>0</Operation>
                        <Extensions>.dll;.bpl</Extensions>
                    </Platform>
                </DeployClass>
                <DeployClass Required="true" Name="DependencyPackage">
                    <Platform Name="iOSDevice32">
                        <Operation>1</Operation>
                        <Extensions>.dylib</Extensions>
                    </Platform>
                    <Platform Name="iOSDevice64">
                        <Operation>1</Operation>
                        <Extensions>.dylib</Extensions>
                    </Platform>
                    <Platform Name="iOSSimARM64">
                        <Operation>1</Operation>
                        <Extensions>.dylib</Extensions>
                    </Platform>
                    <Platform Name="OSX32">
                        <RemoteDir>Contents\MacOS</RemoteDir>
                        <Operation>1</Operation>
                        <Extensions>.dylib</Extensions>
                    </Platform>
                    <Platform Name="OSX64">
                        <RemoteDir>Contents\MacOS</RemoteDir>
                        <Operation>1</Operation>
                        <Extensions>.dylib</Extensions>
                    </Platform>
                    <Platform Name="OSXARM64">
                        <RemoteDir>Contents\MacOS</RemoteDir>
                        <Operation>1</Operation>
                        <Extensions>.dylib</Extensions>
                    </Platform>
                    <Platform Name="Win32">
                        <Operation>0</Operation>
                        <Extensions>.bpl</Extensions>
                    </Platform>
                </DeployClass>
                <DeployClass Name="File">
                    <Platform Name="Android">
                        <Operation>0</Operation>
                    </Platform>
                    <Platform Name="Android64">
                        <Operation>0</Operation>
                    </Platform>
                    <Platform Name="iOSDevice32">
                        <Operation>0</Operation>
                    </Platform>
                    <Platform Name="iOSDevice64">
                        <Operation>0</Operation>
                    </Platform>
                    <Platform Name="iOSSimARM64">
                        <Operation>0</Operation>
                    </Platform>
                    <Platform Name="OSX32">
                        <RemoteDir>Contents\Resources\StartUp\</RemoteDir>
                        <Operation>0</Operation>
                    </Platform>
                    <Platform Name="OSX64">
                        <RemoteDir>Contents\Resources\StartUp\</RemoteDir>
                        <Operation>0</Operation>
                    </Platform>
                    <Platform Name="OSXARM64">
                        <RemoteDir>Contents\Resources\StartUp\</RemoteDir>
                        <Operation>0</Operation>
                    </Platform>
                    <Platform Name="Win32">
                        <Operation>0</Operation>
                    </Platform>
                </DeployClass>
                <DeployClass Name="ProjectAndroidManifest">
                    <Platform Name="Android">
                        <Operation>1</Operation>
                    </Platform>
                    <Platform Name="Android64">
                        <Operation>1</Operation>
                    </Platform>
                </DeployClass>
                <DeployClass Name="ProjectOSXDebug">
                    <Platform Name="OSX64">
                        <RemoteDir>..\$(PROJECTNAME).app.dSYM\Contents\Resources\DWARF</RemoteDir>
                        <Operation>1</Operation>
                    </Platform>
                    <Platform Name="OSXARM64">
                        <RemoteDir>..\$(PROJECTNAME).app.dSYM\Contents\Resources\DWARF</RemoteDir>
                        <Operation>1</Operation>
                    </Platform>
                </DeployClass>
                <DeployClass Name="ProjectOSXEntitlements">
                    <Platform Name="OSX32">
                        <RemoteDir>..\</RemoteDir>
                        <Operation>1</Operation>
                    </Platform>
                    <Platform Name="OSX64">
                        <RemoteDir>..\</RemoteDir>
                        <Operation>1</Operation>
                    </Platform>
                    <Platform Name="OSXARM64">
                        <RemoteDir>..\</RemoteDir>
                        <Operation>1</Operation>
                    </Platform>
                </DeployClass>
                <DeployClass Name="ProjectOSXInfoPList">
                    <Platform Name="OSX32">
                        <RemoteDir>Contents</RemoteDir>
                        <Operation>1</Operation>
                    </Platform>
                    <Platform Name="OSX64">
                        <RemoteDir>Contents</RemoteDir>
                        <Operation>1</Operation>
                    </Platform>
                    <Platform Name="OSXARM64">
                        <RemoteDir>Contents</RemoteDir>
                        <Operation>1</Operation>
                    </Platform>
                </DeployClass>
                <DeployClass Name="ProjectOSXResource">
                    <Platform Name="OSX32">
                        <RemoteDir>Contents\Resources</RemoteDir>
                        <Operation>1</Operation>
                    </Platform>
                    <Platform Name="OSX64">
                        <RemoteDir>Contents\Resources</RemoteDir>
                        <Operation>1</Operation>
                    </Platform>
                    <Platform Name="OSXARM64">
                        <RemoteDir>Contents\Resources</RemoteDir>
                        <Operation>1</Operation>
                    </Platform>
                </DeployClass>
                <DeployClass Required="true" Name="ProjectOutput">
                    <Platform Name="Android">
                        <RemoteDir>library\lib\armeabi-v7a</RemoteDir>
                        <Operation>1</Operation>
                    </Platform>
                    <Platform Name="Android64">
                        <RemoteDir>library\lib\arm64-v8a</RemoteDir>
                        <Operation>1</Operation>
                    </Platform>
                    <Platform Name="iOSDevice32">
                        <Operation>1</Operation>
                    </Platform>
                    <Platform Name="iOSDevice64">
                        <Operation>1</Operation>
                    </Platform>
                    <Platform Name="iOSSimARM64">
                        <Operation>1</Operation>
                    </Platform>
                    <Platform Name="Linux64">
                        <Operation>1</Operation>
                    </Platform>
                    <Platform Name="OSX32">
                        <RemoteDir>Contents\MacOS</RemoteDir>
                        <Operation>1</Operation>
                    </Platform>
                    <Platform Name="OSX64">
                        <RemoteDir>Contents\MacOS</RemoteDir>
                        <Operation>1</Operation>
                    </Platform>
                    <Platform Name="OSXARM64">
                        <RemoteDir>Contents\MacOS</RemoteDir>
                        <Operation>1</Operation>
                    </Platform>
                    <Platform Name="Win32">
                        <Operation>0</Operation>
                    </Platform>
                </DeployClass>
                <DeployClass Name="ProjectOutput_Android32">
                    <Platform Name="Android64">
                        <RemoteDir>library\lib\armeabi-v7a</RemoteDir>
                        <Operation>1</Operation>
                    </Platform>
                </DeployClass>
                <DeployClass Name="ProjectUWPManifest">
                    <Platform Name="Win32">
                        <Operation>1</Operation>
                    </Platform>
                    <Platform Name="Win64">
                        <Operation>1</Operation>
                    </Platform>
                    <Platform Name="Win64x">
                        <Operation>1</Operation>
                    </Platform>
                </DeployClass>
                <DeployClass Name="ProjectiOSDeviceDebug">
                    <Platform Name="iOSDevice32">
                        <RemoteDir>..\$(PROJECTNAME).app.dSYM\Contents\Resources\DWARF</RemoteDir>
                        <Operation>1</Operation>
                    </Platform>
                    <Platform Name="iOSDevice64">
                        <RemoteDir>..\$(PROJECTNAME).app.dSYM\Contents\Resources\DWARF</RemoteDir>
                        <Operation>1</Operation>
                    </Platform>
                    <Platform Name="iOSSimARM64">
                        <RemoteDir>..\$(PROJECTNAME).app.dSYM\Contents\Resources\DWARF</RemoteDir>
                        <Operation>1</Operation>
                    </Platform>
                </DeployClass>
                <DeployClass Name="ProjectiOSEntitlements">
                    <Platform Name="iOSDevice32">
                        <RemoteDir>..\</RemoteDir>
                        <Operation>1</Operation>
                    </Platform>
                    <Platform Name="iOSDevice64">
                        <RemoteDir>..\</RemoteDir>
                        <Operation>1</Operation>
                    </Platform>
                    <Platform Name="iOSSimARM64">
                        <RemoteDir>..\</RemoteDir>
                        <Operation>1</Operation>
                    </Platform>
                </DeployClass>
                <DeployClass Name="ProjectiOSInfoPList">
                    <Platform Name="iOSDevice32">
                        <Operation>1</Operation>
                    </Platform>
                    <Platform Name="iOSDevice64">
                        <Operation>1</Operation>
                    </Platform>
                    <Platform Name="iOSSimARM64">
                        <Operation>1</Operation>
                    </Platform>
                </DeployClass>
                <DeployClass Name="ProjectiOSLaunchScreen">
                    <Platform Name="iOSDevice64">
                        <RemoteDir>..\$(PROJECTNAME).launchscreen</RemoteDir>
                        <Operation>64</Operation>
                    </Platform>
                    <Platform Name="iOSSimARM64">
                        <RemoteDir>..\$(PROJECTNAME).launchscreen</RemoteDir>
                        <Operation>64</Operation>
                    </Platform>
                </DeployClass>
                <DeployClass Name="ProjectiOSResource">
                    <Platform Name="iOSDevice32">
                        <Operation>1</Operation>
                    </Platform>
                    <Platform Name="iOSDevice64">
                        <Operation>1</Operation>
                    </Platform>
                    <Platform Name="iOSSimARM64">
                        <Operation>1</Operation>
                    </Platform>
                </DeployClass>
                <DeployClass Name="UWP_DelphiLogo150">
                    <Platform Name="Win32">
                        <RemoteDir>Assets</RemoteDir>
                        <Operation>1</Operation>
                    </Platform>
                    <Platform Name="Win64">
                        <RemoteDir>Assets</RemoteDir>
                        <Operation>1</Operation>
                    </Platform>
                </DeployClass>
                <DeployClass Name="UWP_DelphiLogo44">
                    <Platform Name="Win32">
                        <RemoteDir>Assets</RemoteDir>
                        <Operation>1</Operation>
                    </Platform>
                    <Platform Name="Win64">
                        <RemoteDir>Assets</RemoteDir>
                        <Operation>1</Operation>
                    </Platform>
                </DeployClass>
                <DeployClass Name="iOS_AppStore1024">
                    <Platform Name="iOSDevice64">
                        <RemoteDir>..\$(PROJECTNAME).launchscreen\Assets\AppIcon.appiconset</RemoteDir>
                        <Operation>1</Operation>
                    </Platform>
                    <Platform Name="iOSSimARM64">
                        <RemoteDir>..\$(PROJECTNAME).launchscreen\Assets\AppIcon.appiconset</RemoteDir>
                        <Operation>1</Operation>
                    </Platform>
                </DeployClass>
                <DeployClass Name="iPad_AppIcon152">
                    <Platform Name="iOSDevice64">
                        <RemoteDir>..\$(PROJECTNAME).launchscreen\Assets\AppIcon.appiconset</RemoteDir>
                        <Operation>1</Operation>
                    </Platform>
                    <Platform Name="iOSSimARM64">
                        <RemoteDir>..\$(PROJECTNAME).launchscreen\Assets\AppIcon.appiconset</RemoteDir>
                        <Operation>1</Operation>
                    </Platform>
                </DeployClass>
                <DeployClass Name="iPad_AppIcon167">
                    <Platform Name="iOSDevice64">
                        <RemoteDir>..\$(PROJECTNAME).launchscreen\Assets\AppIcon.appiconset</RemoteDir>
                        <Operation>1</Operation>
                    </Platform>
                    <Platform Name="iOSSimARM64">
                        <RemoteDir>..\$(PROJECTNAME).launchscreen\Assets\AppIcon.appiconset</RemoteDir>
                        <Operation>1</Operation>
                    </Platform>
                </DeployClass>
                <DeployClass Name="iPad_Launch2x">
                    <Platform Name="iOSDevice64">
                        <RemoteDir>..\$(PROJECTNAME).launchscreen\Assets\LaunchScreenImage.imageset</RemoteDir>
                        <Operation>1</Operation>
                    </Platform>
                    <Platform Name="iOSSimARM64">
                        <RemoteDir>..\$(PROJECTNAME).launchscreen\Assets\LaunchScreenImage.imageset</RemoteDir>
                        <Operation>1</Operation>
                    </Platform>
                </DeployClass>
                <DeployClass Name="iPad_LaunchDark2x">
                    <Platform Name="iOSDevice64">
                        <RemoteDir>..\$(PROJECTNAME).launchscreen\Assets\LaunchScreenImage.imageset</RemoteDir>
                        <Operation>1</Operation>
                    </Platform>
                    <Platform Name="iOSSimARM64">
                        <RemoteDir>..\$(PROJECTNAME).launchscreen\Assets\LaunchScreenImage.imageset</RemoteDir>
                        <Operation>1</Operation>
                    </Platform>
                </DeployClass>
                <DeployClass Name="iPad_Notification40">
                    <Platform Name="iOSDevice64">
                        <RemoteDir>..\$(PROJECTNAME).launchscreen\Assets\AppIcon.appiconset</RemoteDir>
                        <Operation>1</Operation>
                    </Platform>
                    <Platform Name="iOSSimARM64">
                        <RemoteDir>..\$(PROJECTNAME).launchscreen\Assets\AppIcon.appiconset</RemoteDir>
                        <Operation>1</Operation>
                    </Platform>
                </DeployClass>
                <DeployClass Name="iPad_Setting58">
                    <Platform Name="iOSDevice64">
                        <RemoteDir>..\$(PROJECTNAME).launchscreen\Assets\AppIcon.appiconset</RemoteDir>
                        <Operation>1</Operation>
                    </Platform>
                    <Platform Name="iOSSimARM64">
                        <RemoteDir>..\$(PROJECTNAME).launchscreen\Assets\AppIcon.appiconset</RemoteDir>
                        <Operation>1</Operation>
                    </Platform>
                </DeployClass>
                <DeployClass Name="iPad_SpotLight80">
                    <Platform Name="iOSDevice64">
                        <RemoteDir>..\$(PROJECTNAME).launchscreen\Assets\AppIcon.appiconset</RemoteDir>
                        <Operation>1</Operation>
                    </Platform>
                    <Platform Name="iOSSimARM64">
                        <RemoteDir>..\$(PROJECTNAME).launchscreen\Assets\AppIcon.appiconset</RemoteDir>
                        <Operation>1</Operation>
                    </Platform>
                </DeployClass>
                <DeployClass Name="iPhone_AppIcon120">
                    <Platform Name="iOSDevice64">
                        <RemoteDir>..\$(PROJECTNAME).launchscreen\Assets\AppIcon.appiconset</RemoteDir>
                        <Operation>1</Operation>
                    </Platform>
                    <Platform Name="iOSSimARM64">
                        <RemoteDir>..\$(PROJECTNAME).launchscreen\Assets\AppIcon.appiconset</RemoteDir>
                        <Operation>1</Operation>
                    </Platform>
                </DeployClass>
                <DeployClass Name="iPhone_AppIcon180">
                    <Platform Name="iOSDevice64">
                        <RemoteDir>..\$(PROJECTNAME).launchscreen\Assets\AppIcon.appiconset</RemoteDir>
                        <Operation>1</Operation>
                    </Platform>
                    <Platform Name="iOSSimARM64">
                        <RemoteDir>..\$(PROJECTNAME).launchscreen\Assets\AppIcon.appiconset</RemoteDir>
                        <Operation>1</Operation>
                    </Platform>
                </DeployClass>
                <DeployClass Name="iPhone_Launch2x">
                    <Platform Name="iOSDevice64">
                        <RemoteDir>..\$(PROJECTNAME).launchscreen\Assets\LaunchScreenImage.imageset</RemoteDir>
                        <Operation>1</Operation>
                    </Platform>
                    <Platform Name="iOSSimARM64">
                        <RemoteDir>..\$(PROJECTNAME).launchscreen\Assets\LaunchScreenImage.imageset</RemoteDir>
                        <Operation>1</Operation>
                    </Platform>
                </DeployClass>
                <DeployClass Name="iPhone_Launch3x">
                    <Platform Name="iOSDevice64">
                        <RemoteDir>..\$(PROJECTNAME).launchscreen\Assets\LaunchScreenImage.imageset</RemoteDir>
                        <Operation>1</Operation>
                    </Platform>
                    <Platform Name="iOSSimARM64">
                        <RemoteDir>..\$(PROJECTNAME).launchscreen\Assets\LaunchScreenImage.imageset</RemoteDir>
                        <Operation>1</Operation>
                    </Platform>
                </DeployClass>
                <DeployClass Name="iPhone_LaunchDark2x">
                    <Platform Name="iOSDevice64">
                        <RemoteDir>..\$(PROJECTNAME).launchscreen\Assets\LaunchScreenImage.imageset</RemoteDir>
                        <Operation>1</Operation>
                    </Platform>
                    <Platform Name="iOSSimARM64">
                        <RemoteDir>..\$(PROJECTNAME).launchscreen\Assets\LaunchScreenImage.imageset</RemoteDir>
                        <Operation>1</Operation>
                    </Platform>
                </DeployClass>
                <DeployClass Name="iPhone_LaunchDark3x">
                    <Platform Name="iOSDevice64">
                        <RemoteDir>..\$(PROJECTNAME).launchscreen\Assets\LaunchScreenImage.imageset</RemoteDir>
                        <Operation>1</Operation>
                    </Platform>
                    <Platform Name="iOSSimARM64">
                        <RemoteDir>..\$(PROJECTNAME).launchscreen\Assets\LaunchScreenImage.imageset</RemoteDir>
                        <Operation>1</Operation>
                    </Platform>
                </DeployClass>
                <DeployClass Name="iPhone_Notification40">
                    <Platform Name="iOSDevice64">
                        <RemoteDir>..\$(PROJECTNAME).launchscreen\Assets\AppIcon.appiconset</RemoteDir>
                        <Operation>1</Operation>
                    </Platform>
                    <Platform Name="iOSSimARM64">
                        <RemoteDir>..\$(PROJECTNAME).launchscreen\Assets\AppIcon.appiconset</RemoteDir>
                        <Operation>1</Operation>
                    </Platform>
                </DeployClass>
                <DeployClass Name="iPhone_Notification60">
                    <Platform Name="iOSDevice64">
                        <RemoteDir>..\$(PROJECTNAME).launchscreen\Assets\AppIcon.appiconset</RemoteDir>
                        <Operation>1</Operation>
                    </Platform>
                    <Platform Name="iOSSimARM64">
                        <RemoteDir>..\$(PROJECTNAME).launchscreen\Assets\AppIcon.appiconset</RemoteDir>
                        <Operation>1</Operation>
                    </Platform>
                </DeployClass>
                <DeployClass Name="iPhone_Setting58">
                    <Platform Name="iOSDevice64">
                        <RemoteDir>..\$(PROJECTNAME).launchscreen\Assets\AppIcon.appiconset</RemoteDir>
                        <Operation>1</Operation>
                    </Platform>
                    <Platform Name="iOSSimARM64">
                        <RemoteDir>..\$(PROJECTNAME).launchscreen\Assets\AppIcon.appiconset</RemoteDir>
                        <Operation>1</Operation>
                    </Platform>
                </DeployClass>
                <DeployClass Name="iPhone_Setting87">
                    <Platform Name="iOSDevice64">
                        <RemoteDir>..\$(PROJECTNAME).launchscreen\Assets\AppIcon.appiconset</RemoteDir>
                        <Operation>1</Operation>
                    </Platform>
                    <Platform Name="iOSSimARM64">
                        <RemoteDir>..\$(PROJECTNAME).launchscreen\Assets\AppIcon.appiconset</RemoteDir>
                        <Operation>1</Operation>
                    </Platform>
                </DeployClass>
                <DeployClass Name="iPhone_Spotlight120">
                    <Platform Name="iOSDevice64">
                        <RemoteDir>..\$(PROJECTNAME).launchscreen\Assets\AppIcon.appiconset</RemoteDir>
                        <Operation>1</Operation>
                    </Platform>
                    <Platform Name="iOSSimARM64">
                        <RemoteDir>..\$(PROJECTNAME).launchscreen\Assets\AppIcon.appiconset</RemoteDir>
                        <Operation>1</Operation>
                    </Platform>
                </DeployClass>
                <DeployClass Name="iPhone_Spotlight80">
                    <Platform Name="iOSDevice64">
                        <RemoteDir>..\$(PROJECTNAME).launchscreen\Assets\AppIcon.appiconset</RemoteDir>
                        <Operation>1</Operation>
                    </Platform>
                    <Platform Name="iOSSimARM64">
                        <RemoteDir>..\$(PROJECTNAME).launchscreen\Assets\AppIcon.appiconset</RemoteDir>
                        <Operation>1</Operation>
                    </Platform>
                </DeployClass>
                <ProjectRoot Platform="Android" Name="$(PROJECTNAME)"/>
                <ProjectRoot Platform="Android64" Name="$(PROJECTNAME)"/>
                <ProjectRoot Platform="iOSDevice32" Name="$(PROJECTNAME).app"/>
                <ProjectRoot Platform="iOSDevice64" Name="$(PROJECTNAME).app"/>
                <ProjectRoot Platform="iOSSimARM64" Name="$(PROJECTNAME).app"/>
                <ProjectRoot Platform="iOSSimulator" Name="$(PROJECTNAME).app"/>
                <ProjectRoot Platform="Linux64" Name="$(PROJECTNAME)"/>
                <ProjectRoot Platform="OSX32" Name="$(PROJECTNAME).app"/>
                <ProjectRoot Platform="OSX64" Name="$(PROJECTNAME).app"/>
                <ProjectRoot Platform="OSXARM64" Name="$(PROJECTNAME).app"/>
                <ProjectRoot Platform="Win32" Name="$(PROJECTNAME)"/>
                <ProjectRoot Platform="Win64" Name="$(PROJECTNAME)"/>
                <ProjectRoot Platform="Win64x" Name="$(PROJECTNAME)"/>
            </Deployment>
            <Platforms>
                <Platform value="Win32">True</Platform>
                <Platform value="Win64">True</Platform>
            </Platforms>
        </BorlandProject>
        <ProjectFileVersion>12</ProjectFileVersion>
    </ProjectExtensions>
    <Import Project="$(BDS)\Bin\CodeGear.Delphi.Targets" Condition="Exists('$(BDS)\Bin\CodeGear.Delphi.Targets')"/>
    <Import Project="$(APPDATA)\Embarcadero\$(BDSAPPDATABASEDIR)\$(PRODUCTVERSION)\UserTools.proj" Condition="Exists('$(APPDATA)\Embarcadero\$(BDSAPPDATABASEDIR)\$(PRODUCTVERSION)\UserTools.proj')"/>
    <Import Project="$(MSBuildProjectName).deployproj" Condition="Exists('$(MSBuildProjectName).deployproj')"/>
</Project>
